# This file is automatically @generated by Cargo.
# It is not intended for manual editing.
version = 4

[[package]]
name = "riko"
version = "0.1.0"

[[package]]
name = "riko-agent"
version = "0.1.0"

[[package]]
name = "riko-config"
version = "0.1.0"

[[package]]
name = "riko-context"
version = "0.1.0"

[[package]]
name = "riko-core"
version = "0.1.0"

[[package]]
name = "riko-engine"
version = "0.1.0"

[[package]]
name = "riko-llm"
version = "0.1.0"

[[package]]
name = "riko-tools"
version = "0.1.0"

[[package]]
name = "riko-utils"
version = "0.1.0"
